<?xml version="1.0" encoding="utf-8"?>
<Project ToolsVersion="4.0" xmlns="http://schemas.microsoft.com/developer/msbuild/2003">
  <ItemGroup>
    <Filter Include="Source Files">
      <UniqueIdentifier>{4FC737F1-C7A5-4376-A066-2A32D752A2FF}</UniqueIdentifier>
      <Extensions>cpp;c;cc;cxx;def;odl;idl;hpj;bat;asm;asmx</Extensions>
    </Filter>
    <Filter Include="Header Files">
      <UniqueIdentifier>{93995380-89BD-4b04-88EB-625FBE52EBFB}</UniqueIdentifier>
      <Extensions>h;hpp;hxx;hm;inl;inc;xsd</Extensions>
    </Filter>
    <Filter Include="Resource Files">
      <UniqueIdentifier>{67DA6AB6-F800-4c08-8B7A-83BB121AAD01}</UniqueIdentifier>
      <Extensions>rc;ico;cur;bmp;dlg;rc2;rct;bin;rgs;gif;jpg;jpeg;jpe;resx;tiff;tif;png;wav;mfcribbon-ms</Extensions>
    </Filter>
    <Filter Include="assets">
      <UniqueIdentifier>{e92a7626-3b50-4728-b115-e1e91a8d2c3b}</UniqueIdentifier>
    </Filter>
    <Filter Include="Header Files\Entities">
      <UniqueIdentifier>{027baf5d-8cdd-4db2-98c0-cca818889a92}</UniqueIdentifier>
    </Filter>
    <Filter Include="Source Files\Entities">
      <UniqueIdentifier>{ffc4c0a4-616f-4cb4-ba10-1ad01fa151ee}</UniqueIdentifier>
    </Filter>
  </ItemGroup>
  <ItemGroup>
    <ClCompile Include="main.cpp">
      <Filter>Source Files</Filter>
    </ClCompile>
    <ClCompile Include="Component.cpp">
      <Filter>Source Files</Filter>
    </ClCompile>
    <ClCompile Include="InputHandler.cpp">
      <Filter>Source Files</Filter>
    </ClCompile>
    <ClCompile Include="LudumGame.cpp">
      <Filter>Source Files</Filter>
    </ClCompile>
    <ClCompile Include="ShaderProgram.cpp">
      <Filter>Source Files</Filter>
    </ClCompile>
    <ClCompile Include="Configuration.cpp">
      <Filter>Source Files</Filter>
    </ClCompile>
    <ClCompile Include="Loader.cpp">
      <Filter>Source Files</Filter>
    </ClCompile>
    <ClCompile Include="Mesh.cpp">
      <Filter>Source Files</Filter>
    </ClCompile>
    <ClCompile Include="RenderComponent.cpp">
      <Filter>Source Files</Filter>
    </ClCompile>
    <ClCompile Include="World.cpp">
      <Filter>Source Files</Filter>
    </ClCompile>
    <ClCompile Include="Util.cpp">
      <Filter>Source Files</Filter>
    </ClCompile>
    <ClCompile Include="AmmoEntity.cpp">
      <Filter>Source Files\Entities</Filter>
    </ClCompile>
    <ClCompile Include="EnemyEntity.cpp">
      <Filter>Source Files\Entities</Filter>
    </ClCompile>
    <ClCompile Include="TowerEntity.cpp">
      <Filter>Source Files\Entities</Filter>
    </ClCompile>
    <ClCompile Include="Entity.cpp">
      <Filter>Source Files\Entities</Filter>
    </ClCompile>
    <ClCompile Include="StateHandler.cpp">
      <Filter>Source Files</Filter>
    </ClCompile>
  </ItemGroup>
  <ItemGroup>
    <ClInclude Include="Component.h">
      <Filter>Header Files</Filter>
    </ClInclude>
    <ClInclude Include="InputHandler.h">
      <Filter>Header Files</Filter>
    </ClInclude>
    <ClInclude Include="LudumGame.h">
      <Filter>Header Files</Filter>
    </ClInclude>
    <ClInclude Include="ShaderProgram.h">
      <Filter>Header Files</Filter>
    </ClInclude>
    <ClInclude Include="Configuration.h">
      <Filter>Header Files</Filter>
    </ClInclude>
    <ClInclude Include="Loader.h">
      <Filter>Header Files</Filter>
    </ClInclude>
    <ClInclude Include="Util.h">
      <Filter>Header Files</Filter>
    </ClInclude>
    <ClInclude Include="Mesh.h">
      <Filter>Header Files</Filter>
    </ClInclude>
    <ClInclude Include="RenderComponent.h">
      <Filter>Header Files</Filter>
    </ClInclude>
    <ClInclude Include="World.h">
      <Filter>Header Files</Filter>
    </ClInclude>
    <ClInclude Include="TowerEntity.h">
      <Filter>Header Files\Entities</Filter>
    </ClInclude>
    <ClInclude Include="AmmoEntity.h">
      <Filter>Header Files\Entities</Filter>
    </ClInclude>
    <ClInclude Include="EnemyEntity.h">
      <Filter>Header Files\Entities</Filter>
    </ClInclude>
    <ClInclude Include="Entity.h">
      <Filter>Header Files\Entities</Filter>
    </ClInclude>
    <ClInclude Include="StateHandler.h">
      <Filter>Header Files</Filter>
    </ClInclude>
  </ItemGroup>
  <ItemGroup>
    <None Include="main_vertex.glsl" />
    <None Include="main_fragment.glsl" />
    <None Include="MasterConfig.json" />
  </ItemGroup>
  <ItemGroup>
    <Image Include="assets\snow-tile.jpg">
      <Filter>assets</Filter>
    </Image>
    <Image Include="assets\test.bmp">
      <Filter>assets</Filter>
    </Image>
    <Image Include="assets\snowman1-sprite.png">
      <Filter>assets</Filter>
    </Image>
    <Image Include="assets\base-left.png">
      <Filter>assets</Filter>
    </Image>
    <Image Include="assets\blood-snow-1.jpg">
      <Filter>assets</Filter>
    </Image>
    <Image Include="assets\blood-snow-2.jpg">
      <Filter>assets</Filter>
    </Image>
    <Image Include="assets\fire-ground.jpg">
      <Filter>assets</Filter>
    </Image>
    <Image Include="assets\flame-blast-tower.png">
      <Filter>assets</Filter>
    </Image>
    <Image Include="assets\flame-turret.png">
      <Filter>assets</Filter>
    </Image>
    <Image Include="assets\ground-center.jpg">
      <Filter>assets</Filter>
    </Image>
    <Image Include="assets\ice-center.jpg">
      <Filter>assets</Filter>
    </Image>
    <Image Include="assets\ice-snow-bl.jpg">
      <Filter>assets</Filter>
    </Image>
    <Image Include="assets\ice-snow-bottom.jpg">
      <Filter>assets</Filter>
    </Image>
    <Image Include="assets\ice-snow-br.jpg">
      <Filter>assets</Filter>
    </Image>
    <Image Include="assets\ice-snow-l.jpg">
      <Filter>assets</Filter>
    </Image>
    <Image Include="assets\ice-snow-r.jpg">
      <Filter>assets</Filter>
    </Image>
    <Image Include="assets\ice-snow-t.jpg">
      <Filter>assets</Filter>
    </Image>
    <Image Include="assets\ice-snow-tl.jpg">
      <Filter>assets</Filter>
    </Image>
    <Image Include="assets\ice-snow-tr.jpg">
      <Filter>assets</Filter>
    </Image>
    <Image Include="assets\projectile-tower.png">
      <Filter>assets</Filter>
    </Image>
    <Image Include="assets\snow_corner_tl.jpg">
      <Filter>assets</Filter>
    </Image>
    <Image Include="assets\snow-border-bottom.jpg">
      <Filter>assets</Filter>
    </Image>
    <Image Include="assets\snow-border-l.jpg">
      <Filter>assets</Filter>
    </Image>
    <Image Include="assets\snow-border-r.jpg">
      <Filter>assets</Filter>
    </Image>
    <Image Include="assets\snow-border-top.jpg">
      <Filter>assets</Filter>
    </Image>
    <Image Include="assets\snow-corner-bl.jpg">
      <Filter>assets</Filter>
    </Image>
    <Image Include="assets\snow-corner-br.jpg">
      <Filter>assets</Filter>
    </Image>
    <Image Include="assets\snow-corner-tr.jpg">
      <Filter>assets</Filter>
    </Image>
    <Image Include="assets\snowman_bruiser-sprite.png">
      <Filter>assets</Filter>
    </Image>
    <Image Include="assets\snowman2-sprite.png">
      <Filter>assets</Filter>
    </Image>
    <Image Include="assets\snow-portal-l.jpg">
      <Filter>assets</Filter>
    </Image>
    <Image Include="assets\snow-portal-t.jpg">
      <Filter>assets</Filter>
    </Image>
  </ItemGroup>
</Project>